
Microsoft Visual Studio Solution File, Format Version 12.00
# Visual Studio Version 17
VisualStudioVersion = 17.0.31612.314
MinimumVisualStudioVersion = 10.0.40219.1
Project("{8BC9CEB8-8B4A-11D0-8D11-00A0C91BC942}") = "GetLuauBytecode", "GetLuauBytecode\GetLuauBytecode.vcxproj", "{1CA938DC-B283-4D5E-B306-0E26B3AE039E}"
EndProject
Global
	GlobalSection(SolutionConfigurationPlatforms) = preSolution
		Debug|x64 = Debug|x64
		Debug|x86 = Debug|x86
		Release|x64 = Release|x64
		Release|x86 = Release|x86
	EndGlobalSection
	GlobalSection(ProjectConfigurationPlatforms) = postSolution
		{1CA938DC-B283-4D5E-B306-0E26B3AE039E}.Debug|x64.ActiveCfg = Debug|x64
		{1CA938DC-B283-4D5E-B306-0E26B3AE039E}.Debug|x64.Build.0 = Debug|x64
		{1CA938DC-B283-4D5E-B306-0E26B3AE039E}.Debug|x86.ActiveCfg = Debug|Win32
		{1CA938DC-B283-4D5E-B306-0E26B3AE039E}.Debug|x86.Build.0 = Debug|Win32
		{1CA938DC-B283-4D5E-B306-0E26B3AE039E}.Release|x64.ActiveCfg = Release|x64
		{1CA938DC-B283-4D5E-B306-0E26B3AE039E}.Release|x64.Build.0 = Release|x64
		{1CA938DC-B283-4D5E-B306-0E26B3AE039E}.Release|x86.ActiveCfg = Release|Win32
		{1CA938DC-B283-4D5E-B306-0E26B3AE039E}.Release|x86.Build.0 = Release|Win32
	EndGlobalSection
	GlobalSection(SolutionProperties) = preSolution
		HideSolutionNode = FALSE
	EndGlobalSection
	GlobalSection(ExtensibilityGlobals) = postSolution
		SolutionGuid = {251B0B74-A319-49C5-9007-CE0EBF4262BD}
	EndGlobalSection
EndGlobal
